// !$*UTF8*$!
{
	archiveVersion = 1;
	classes = {
	};
	objectVersion = 50;
	objects = {

/* Begin PBXBuildFile section */
		DE65B21C24C61519009913F9 /* AppDelegate.swift in Sources */ = {isa = PBXBuildFile; fileRef = DE65B21B24C61519009913F9 /* AppDelegate.swift */; };
		DE65B21E24C61519009913F9 /* SceneDelegate.swift in Sources */ = {isa = PBXBuildFile; fileRef = DE65B21D24C61519009913F9 /* SceneDelegate.swift */; };
		DE65B22024C61519009913F9 /* ViewController.swift in Sources */ = {isa = PBXBuildFile; fileRef = DE65B21F24C61519009913F9 /* ViewController.swift */; };
		DE65B22324C61519009913F9 /* Main.storyboard in Resources */ = {isa = PBXBuildFile; fileRef = DE65B22124C61519009913F9 /* Main.storyboard */; };
		DE65B22524C6151A009913F9 /* Assets.xcassets in Resources */ = {isa = PBXBuildFile; fileRef = DE65B22424C6151A009913F9 /* Assets.xcassets */; };
		DE65B22824C6151A009913F9 /* LaunchScreen.storyboard in Resources */ = {isa = PBXBuildFile; fileRef = DE65B22624C6151A009913F9 /* LaunchScreen.storyboard */; };
		DE65B23124C6165F009913F9 /* ActionButton.swift in Sources */ = {isa = PBXBuildFile; fileRef = DE65B22F24C6165E009913F9 /* ActionButton.swift */; };
		DE65B23224C6165F009913F9 /* ActionButtonItem.swift in Sources */ = {isa = PBXBuildFile; fileRef = DE65B23024C6165F009913F9 /* ActionButtonItem.swift */; };
/* End PBXBuildFile section */

/* Begin PBXFileReference section */
		DE65B21824C61519009913F9 /* Action Floating Button.app */ = {isa = PBXFileReference; explicitFileType = wrapper.application; includeInIndex = 0; path = "Action Floating Button.app"; sourceTree = BUILT_PRODUCTS_DIR; };
		DE65B21B24C61519009913F9 /* AppDelegate.swift */ = {isa = PBXFileReference; lastKnownFileType = sourcecode.swift; path = AppDelegate.swift; sourceTree = "<group>"; };
		DE65B21D24C61519009913F9 /* SceneDelegate.swift */ = {isa = PBXFileReference; lastKnownFileType = sourcecode.swift; path = SceneDelegate.swift; sourceTree = "<group>"; };
		DE65B21F24C61519009913F9 /* ViewController.swift */ = {isa = PBXFileReference; lastKnownFileType = sourcecode.swift; path = ViewController.swift; sourceTree = "<group>"; };
		DE65B22224C61519009913F9 /* Base */ = {isa = PBXFileReference; lastKnownFileType = file.storyboard; name = Base; path = Base.lproj/Main.storyboard; sourceTree = "<group>"; };
		DE65B22424C6151A009913F9 /* Assets.xcassets */ = {isa = PBXFileReference; lastKnownFileType = folder.assetcatalog; path = Assets.xcassets; sourceTree = "<group>"; };
		DE65B22724C6151A009913F9 /* Base */ = {isa = PBXFileReference; lastKnownFileType = file.storyboard; name = Base; path = Base.lproj/LaunchScreen.storyboard; sourceTree = "<group>"; };
		DE65B22924C6151A009913F9 /* Info.plist */ = {isa = PBXFileReference; lastKnownFileType = text.plist.xml; path = Info.plist; sourceTree = "<group>"; };
		DE65B22F24C6165E009913F9 /* ActionButton.swift */ = {isa = PBXFileReference; fileEncoding = 4; lastKnownFileType = sourcecode.swift; path = ActionButton.swift; sourceTree = "<group>"; };
		DE65B23024C6165F009913F9 /* ActionButtonItem.swift */ = {isa = PBXFileReference; fileEncoding = 4; lastKnownFileType = sourcecode.swift; path = ActionButtonItem.swift; sourceTree = "<group>"; };
/* End PBXFileReference section */

/* Begin PBXFrameworksBuildPhase section */
		DE65B21524C61519009913F9 /* Frameworks */ = {
			isa = PBXFrameworksBuildPhase;
			buildActionMask = 2147483647;
			files = (
			);
			runOnlyForDeploymentPostprocessing = 0;
		};
/* End PBXFrameworksBuildPhase section */

/* Begin PBXGroup section */
		DE65B20F24C61519009913F9 = {
			isa = PBXGroup;
			children = (
				DE65B21A24C61519009913F9 /* Action Floating Button */,
				DE65B21924C61519009913F9 /* Products */,
			);
			sourceTree = "<group>";
		};
		DE65B21924C61519009913F9 /* Products */ = {
			isa = PBXGroup;
			children = (
				DE65B21824C61519009913F9 /* Action Floating Button.app */,
			);
			name = Products;
			sourceTree = "<group>";
		};
		DE65B21A24C61519009913F9 /* Action Floating Button */ = {
			isa = PBXGroup;
			children = (
				DE65B21B24C61519009913F9 /* AppDelegate.swift */,
				DE65B21D24C61519009913F9 /* SceneDelegate.swift */,
				DE65B21F24C61519009913F9 /* ViewController.swift */,
				DE65B23324C61675009913F9 /* Third Party Files */,
				DE65B22124C61519009913F9 /* Main.storyboard */,
				DE65B22424C6151A009913F9 /* Assets.xcassets */,
				DE65B22624C6151A009913F9 /* LaunchScreen.storyboard */,
				DE65B22924C6151A009913F9 /* Info.plist */,
			);
			path = "Action Floating Button";
			sourceTree = "<group>";
		};
		DE65B23324C61675009913F9 /* Third Party Files */ = {
			isa = PBXGroup;
			children = (
				DE65B22F24C6165E009913F9 /* ActionButton.swift */,
				DE65B23024C6165F009913F9 /* ActionButtonItem.swift */,
			);
			path = "Third Party Files";
			sourceTree = "<group>";
		};
/* End PBXGroup section */

/* Begin PBXNativeTarget section */
		DE65B21724C61519009913F9 /* Action Floating Button */ = {
			isa = PBXNativeTarget;
			buildConfigurationList = DE65B22C24C6151A009913F9 /* Build configuration list for PBXNativeTarget "Action Floating Button" */;
			buildPhases = (
				DE65B21424C61519009913F9 /* Sources */,
				DE65B21524C61519009913F9 /* Frameworks */,
				DE65B21624C61519009913F9 /* Resources */,
			);
			buildRules = (
			);
			dependencies = (
			);
			name = "Action Floating Button";
			productName = "Action Floating Button";
			productReference = DE65B21824C61519009913F9 /* Action Floating Button.app */;
			productType = "com.apple.product-type.application";
		};
/* End PBXNativeTarget section */

/* Begin PBXProject section */
		DE65B21024C61519009913F9 /* Project object */ = {
			isa = PBXProject;
			attributes = {
				LastSwiftUpdateCheck = 1110;
				LastUpgradeCheck = 1110;
				ORGANIZATIONNAME = "Adwait Barkale";
				TargetAttributes = {
					DE65B21724C61519009913F9 = {
						CreatedOnToolsVersion = 11.1;
					};
				};
			};
			buildConfigurationList = DE65B21324C61519009913F9 /* Build configuration list for PBXProject "Action Floating Button" */;
			compatibilityVersion = "Xcode 9.3";
			developmentRegion = en;
			hasScannedForEncodings = 0;
			knownRegions = (
				en,
				Base,
			);
			mainGroup = DE65B20F24C61519009913F9;
			productRefGroup = DE65B21924C61519009913F9 /* Products */;
			projectDirPath = "";
			projectRoot = "";
			targets = (
				DE65B21724C61519009913F9 /* Action Floating Button */,
			);
		};
/* End PBXProject section */

/* Begin PBXResourcesBuildPhase section */
		DE65B21624C61519009913F9 /* Resources */ = {
			isa = PBXResourcesBuildPhase;
			buildActionMask = 2147483647;
			files = (
				DE65B22824C6151A009913F9 /* LaunchScreen.storyboard in Resources */,
				DE65B22524C6151A009913F9 /* Assets.xcassets in Resources */,
				DE65B22324C61519009913F9 /* Main.storyboard in Resources */,
			);
			runOnlyForDeploymentPostprocessing = 0;
		};
/* End PBXResourcesBuildPhase section */

/* Begin PBXSourcesBuildPhase section */
		DE65B21424C61519009913F9 /* Sources */ = {
			isa = PBXSourcesBuildPhase;
			buildActionMask = 2147483647;
			files = (
				DE65B22024C61519009913F9 /* ViewController.swift in Sources */,
				DE65B23224C6165F009913F9 /* ActionButtonItem.swift in Sources */,
				DE65B21C24C61519009913F9 /* AppDelegate.swift in Sources */,
				DE65B21E24C61519009913F9 /* SceneDelegate.swift in Sources */,
				DE65B23124C6165F009913F9 /* ActionButton.swift in Sources */,
			);
			runOnlyForDeploymentPostprocessing = 0;
		};
/* End PBXSourcesBuildPhase section */

/* Begin PBXVariantGroup section */
		DE65B22124C61519009913F9 /* Main.storyboard */ = {
			isa = PBXVariantGroup;
			children = (
				DE65B22224C61519009913F9 /* Base */,
			);
			name = Main.storyboard;
			sourceTree = "<group>";
		};
		DE65B22624C6151A009913F9 /* LaunchScreen.storyboard */ = {
			isa = PBXVariantGroup;
			children = (
				DE65B22724C6151A009913F9 /* Base */,
			);
			name = LaunchScreen.storyboard;
			sourceTree = "<group>";
		};
/* End PBXVariantGroup section */

/* Begin XCBuildConfiguration section */
		DE65B22A24C6151A009913F9 /* Debug */ = {
			isa = XCBuildConfiguration;
			buildSettings = {
				ALWAYS_SEARCH_USER_PATHS = NO;
				CLANG_ANALYZER_NONNULL = YES;
				CLANG_ANALYZER_NUMBER_OBJECT_CONVERSION = YES_AGGRESSIVE;
				CLANG_CXX_LANGUAGE_STANDARD = "gnu++14";
				CLANG_CXX_LIBRARY = "libc++";
				CLANG_ENABLE_MODULES = YES;
				CLANG_ENABLE_OBJC_ARC = YES;
				CLANG_ENABLE_OBJC_WEAK = YES;
				CLANG_WARN_BLOCK_CAPTURE_AUTORELEASING = YES;
				CLANG_WARN_BOOL_CONVERSION = YES;
				CLANG_WARN_COMMA = YES;
				CLANG_WARN_CONSTANT_CONVERSION = YES;
				CLANG_WARN_DEPRECATED_OBJC_IMPLEMENTATIONS = YES;
				CLANG_WARN_DIRECT_OBJC_ISA_USAGE = YES_ERROR;
				CLANG_WARN_DOCUMENTATION_COMMENTS = YES;
				CLANG_WARN_EMPTY_BODY = YES;
				CLANG_WARN_ENUM_CONVERSION = YES;
				CLANG_WARN_INFINITE_RECURSION = YES;
				CLANG_WARN_INT_CONVERSION = YES;
				CLANG_WARN_NON_LITERAL_NULL_CONVERSION = YES;
				CLANG_WARN_OBJC_IMPLICIT_RETAIN_SELF = YES;
				CLANG_WARN_OBJC_LITERAL_CONVERSION = YES;
				CLANG_WARN_OBJC_ROOT_CLASS = YES_ERROR;
				CLANG_WARN_RANGE_LOOP_ANALYSIS = YES;
				CLANG_WARN_STRICT_PROTOTYPES = YES;
				CLANG_WARN_SUSPICIOUS_MOVE = YES;
				CLANG_WARN_UNGUARDED_AVAILABILITY = YES_AGGRESSIVE;
				CLANG_WARN_UNREACHABLE_CODE = YES;
				CLANG_WARN__DUPLICATE_METHOD_MATCH = YES;
				COPY_PHASE_STRIP = NO;
				DEBUG_INFORMATION_FORMAT = dwarf;
				ENABLE_STRICT_OBJC_MSGSEND = YES;
				ENABLE_TESTABILITY = YES;
				GCC_C_LANGUAGE_STANDARD = gnu11;
				GCC_DYNAMIC_NO_PIC = NO;
				GCC_NO_COMMON_BLOCKS = YES;
				GCC_OPTIMIZATION_LEVEL = 0;
				GCC_PREPROCESSOR_DEFINITIONS = (
					"DEBUG=1",
					"$(inherited)",
				);
				GCC_WARN_64_TO_32_BIT_CONVERSION = YES;
				GCC_WARN_ABOUT_RETURN_TYPE = YES_ERROR;
				GCC_WARN_UNDECLARED_SELECTOR = YES;
				GCC_WARN_UNINITIALIZED_AUTOS = YES_AGGRESSIVE;
				GCC_WARN_UNUSED_FUNCTION = YES;
				GCC_WARN_UNUSED_VARIABLE = YES;
				IPHONEOS_DEPLOYMENT_TARGET = 13.1;
				MTL_ENABLE_DEBUG_INFO = INCLUDE_SOURCE;
				MTL_FAST_MATH = YES;
				ONLY_ACTIVE_ARCH = YES;
				SDKROOT = iphoneos;
				SWIFT_ACTIVE_COMPILATION_CONDITIONS = DEBUG;
				SWIFT_OPTIMIZATION_LEVEL = "-Onone";
			};
			name = Debug;
		};
		DE65B22B24C6151A009913F9 /* Release */ = {
			isa = XCBuildConfiguration;
			buildSettings = {
				ALWAYS_SEARCH_USER_PATHS = NO;
				CLANG_ANALYZER_NONNULL = YES;
				CLANG_ANALYZER_NUMBER_OBJECT_CONVERSION = YES_AGGRESSIVE;
				CLANG_CXX_LANGUAGE_STANDARD = "gnu++14";
				CLANG_CXX_LIBRARY = "libc++";
				CLANG_ENABLE_MODULES = YES;
				CLANG_ENABLE_OBJC_ARC = YES;
				CLANG_ENABLE_OBJC_WEAK = YES;
				CLANG_WARN_BLOCK_CAPTURE_AUTORELEASING = YES;
				CLANG_WARN_BOOL_CONVERSION = YES;
				CLANG_WARN_COMMA = YES;
				CLANG_WARN_CONSTANT_CONVERSION = YES;
				CLANG_WARN_DEPRECATED_OBJC_IMPLEMENTATIONS = YES;
				CLANG_WARN_DIRECT_OBJC_ISA_USAGE = YES_ERROR;
				CLANG_WARN_DOCUMENTATION_COMMENTS = YES;
				CLANG_WARN_EMPTY_BODY = YES;
				CLANG_WARN_ENUM_CONVERSION = YES;
				CLANG_WARN_INFINITE_RECURSION = YES;
				CLANG_WARN_INT_CONVERSION = YES;
				CLANG_WARN_NON_LITERAL_NULL_CONVERSION = YES;
				CLANG_WARN_OBJC_IMPLICIT_RETAIN_SELF = YES;
				CLANG_WARN_OBJC_LITERAL_CONVERSION = YES;
				CLANG_WARN_OBJC_ROOT_CLASS = YES_ERROR;
				CLANG_WARN_RANGE_LOOP_ANALYSIS = YES;
				CLANG_WARN_STRICT_PROTOTYPES = YES;
				CLANG_WARN_SUSPICIOUS_MOVE = YES;
				CLANG_WARN_UNGUARDED_AVAILABILITY = YES_AGGRESSIVE;
				CLANG_WARN_UNREACHABLE_CODE = YES;
				CLANG_WARN__DUPLICATE_METHOD_MATCH = YES;
				COPY_PHASE_STRIP = NO;
				DEBUG_INFORMATION_FORMAT = "dwarf-with-dsym";
				ENABLE_NS_ASSERTIONS = NO;
				ENABLE_STRICT_OBJC_MSGSEND = YES;
				GCC_C_LANGUAGE_STANDARD = gnu11;
				GCC_NO_COMMON_BLOCKS = YES;
				GCC_WARN_64_TO_32_BIT_CONVERSION = YES;
				GCC_WARN_ABOUT_RETURN_TYPE = YES_ERROR;
				GCC_WARN_UNDECLARED_SELECTOR = YES;
				GCC_WARN_UNINITIALIZED_AUTOS = YES_AGGRESSIVE;
				GCC_WARN_UNUSED_FUNCTION = YES;
				GCC_WARN_UNUSED_VARIABLE = YES;
				IPHONEOS_DEPLOYMENT_TARGET = 13.1;
				MTL_ENABLE_DEBUG_INFO = NO;
				MTL_FAST_MATH = YES;
				SDKROOT = iphoneos;
				SWIFT_COMPILATION_MODE = wholemodule;
				SWIFT_OPTIMIZATION_LEVEL = "-O";
				VALIDATE_PRODUCT = YES;
			};
			name = Release;
		};
		DE65B22D24C6151A009913F9 /* Debug */ = {
			isa = XCBuildConfiguration;
			buildSettings = {
				ASSETCATALOG_COMPILER_APPICON_NAME = AppIcon;
				CODE_SIGN_STYLE = Automatic;
				INFOPLIST_FILE = "Action Floating Button/Info.plist";
				LD_RUNPATH_SEARCH_PATHS = (
					"$(inherited)",
					"@executable_path/Frameworks",
				);
				PRODUCT_BUNDLE_IDENTIFIER = "com.Adwait.Action-Floating-Button";
				PRODUCT_NAME = "$(TARGET_NAME)";
				SWIFT_VERSION = 5.0;
				TARGETED_DEVICE_FAMILY = "1,2";
			};
			name = Debug;
		};
		DE65B22E24C6151A009913F9 /* Release */ = {
			isa = XCBuildConfiguration;
			buildSettings = {
				ASSETCATALOG_COMPILER_APPICON_NAME = AppIcon;
				CODE_SIGN_STYLE = Automatic;
				INFOPLIST_FILE = "Action Floating Button/Info.plist";
				LD_RUNPATH_SEARCH_PATHS = (
					"$(inherited)",
					"@executable_path/Frameworks",
				);
				PRODUCT_BUNDLE_IDENTIFIER = "com.Adwait.Action-Floating-Button";
				PRODUCT_NAME = "$(TARGET_NAME)";
				SWIFT_VERSION = 5.0;
				TARGETED_DEVICE_FAMILY = "1,2";
			};
			name = Release;
		};
/* End XCBuildConfiguration section */

/* Begin XCConfigurationList section */
		DE65B21324C61519009913F9 /* Build configuration list for PBXProject "Action Floating Button" */ = {
			isa = XCConfigurationList;
			buildConfigurations = (
				DE65B22A24C6151A009913F9 /* Debug */,
				DE65B22B24C6151A009913F9 /* Release */,
			);
			defaultConfigurationIsVisible = 0;
			defaultConfigurationName = Release;
		};
		DE65B22C24C6151A009913F9 /* Build configuration list for PBXNativeTarget "Action Floating Button" */ = {
			isa = XCConfigurationList;
			buildConfigurations = (
				DE65B22D24C6151A009913F9 /* Debug */,
				DE65B22E24C6151A009913F9 /* Release */,
			);
			defaultConfigurationIsVisible = 0;
			defaultConfigurationName = Release;
		};
/* End XCConfigurationList section */
	};
	rootObject = DE65B21024C61519009913F9 /* Project object */;
}
